
Microsoft Visual Studio Solution File, Format Version 12.00
# Visual Studio Version 17
VisualStudioVersion = 17.6.33829.357
MinimumVisualStudioVersion = 10.0.40219.1
Project("{9A19103F-16F7-4668-BE54-9A1E7A4F7556}") = "EventRun_Api.Models", "EventRun_Api.Models\EventRun_Api.Models.csproj", "{9A968BE4-FC0B-46D1-906C-945912351488}"
EndProject
Project("{9A19103F-16F7-4668-BE54-9A1E7A4F7556}") = "EventRun_Api.Core", "EventRun_Api.Core\EventRun_Api.Core.csproj", "{CE5CA7FD-6BB0-4DB9-9767-0464A7FC07EF}"
EndProject
Project("{9A19103F-16F7-4668-BE54-9A1E7A4F7556}") = "EventRun_Api.Service", "EventRun_Api.Service\EventRun_Api.Service.csproj", "{1BD38F7D-FB3A-4DE0-8708-CA7C30106BE2}"
EndProject
Project("{FAE04EC0-301F-11D3-BF4B-00C04F79EFBC}") = "EventRun_Api.Utils", "EventRun_Api.Utils\EventRun_Api.Utils.csproj", "{E883684D-3A7E-4E71-9CDB-AAE927A3A121}"
EndProject
Global
	GlobalSection(SolutionConfigurationPlatforms) = preSolution
		Debug|Any CPU = Debug|Any CPU
		Release|Any CPU = Release|Any CPU
	EndGlobalSection
	GlobalSection(ProjectConfigurationPlatforms) = postSolution
		{9A968BE4-FC0B-46D1-906C-945912351488}.Debug|Any CPU.ActiveCfg = Debug|Any CPU
		{9A968BE4-FC0B-46D1-906C-945912351488}.Debug|Any CPU.Build.0 = Debug|Any CPU
		{9A968BE4-FC0B-46D1-906C-945912351488}.Release|Any CPU.ActiveCfg = Release|Any CPU
		{9A968BE4-FC0B-46D1-906C-945912351488}.Release|Any CPU.Build.0 = Release|Any CPU
		{CE5CA7FD-6BB0-4DB9-9767-0464A7FC07EF}.Debug|Any CPU.ActiveCfg = Debug|Any CPU
		{CE5CA7FD-6BB0-4DB9-9767-0464A7FC07EF}.Debug|Any CPU.Build.0 = Debug|Any CPU
		{CE5CA7FD-6BB0-4DB9-9767-0464A7FC07EF}.Release|Any CPU.ActiveCfg = Release|Any CPU
		{CE5CA7FD-6BB0-4DB9-9767-0464A7FC07EF}.Release|Any CPU.Build.0 = Release|Any CPU
		{1BD38F7D-FB3A-4DE0-8708-CA7C30106BE2}.Debug|Any CPU.ActiveCfg = Debug|Any CPU
		{1BD38F7D-FB3A-4DE0-8708-CA7C30106BE2}.Debug|Any CPU.Build.0 = Debug|Any CPU
		{1BD38F7D-FB3A-4DE0-8708-CA7C30106BE2}.Release|Any CPU.ActiveCfg = Release|Any CPU
		{1BD38F7D-FB3A-4DE0-8708-CA7C30106BE2}.Release|Any CPU.Build.0 = Release|Any CPU
		{E883684D-3A7E-4E71-9CDB-AAE927A3A121}.Debug|Any CPU.ActiveCfg = Debug|Any CPU
		{E883684D-3A7E-4E71-9CDB-AAE927A3A121}.Debug|Any CPU.Build.0 = Debug|Any CPU
		{E883684D-3A7E-4E71-9CDB-AAE927A3A121}.Release|Any CPU.ActiveCfg = Release|Any CPU
		{E883684D-3A7E-4E71-9CDB-AAE927A3A121}.Release|Any CPU.Build.0 = Release|Any CPU
	EndGlobalSection
	GlobalSection(SolutionProperties) = preSolution
		HideSolutionNode = FALSE
	EndGlobalSection
	GlobalSection(ExtensibilityGlobals) = postSolution
		SolutionGuid = {F014CC01-6317-4492-979F-F339819D8304}
	EndGlobalSection
EndGlobal
